
Microsoft Visual Studio Solution File, Format Version 12.00
# Visual Studio 15
VisualStudioVersion = 15.0.28307.271
MinimumVisualStudioVersion = 10.0.40219.1
Project("{FAE04EC0-301F-11D3-BF4B-00C04F79EFBC}") = "Ex42– Implementing Layers", "Ex42– Implementing Layers\Ex42– Implementing Layers.csproj", "{A44DD2E4-EE90-4AF5-A854-9F7D9A347160}"
EndProject
Global
	GlobalSection(SolutionConfigurationPlatforms) = preSolution
		Debug|Any CPU = Debug|Any CPU
		Release|Any CPU = Release|Any CPU
	EndGlobalSection
	GlobalSection(ProjectConfigurationPlatforms) = postSolution
		{A44DD2E4-EE90-4AF5-A854-9F7D9A347160}.Debug|Any CPU.ActiveCfg = Debug|Any CPU
		{A44DD2E4-EE90-4AF5-A854-9F7D9A347160}.Debug|Any CPU.Build.0 = Debug|Any CPU
		{A44DD2E4-EE90-4AF5-A854-9F7D9A347160}.Release|Any CPU.ActiveCfg = Release|Any CPU
		{A44DD2E4-EE90-4AF5-A854-9F7D9A347160}.Release|Any CPU.Build.0 = Release|Any CPU
	EndGlobalSection
	GlobalSection(SolutionProperties) = preSolution
		HideSolutionNode = FALSE
	EndGlobalSection
	GlobalSection(ExtensibilityGlobals) = postSolution
		SolutionGuid = {4C72FF99-BED3-4DE2-AF41-77EA18FB1B8F}
	EndGlobalSection
EndGlobal
